go.arcalot.io/assert v1.3.0 h1:+uQex4s9gezATpTyFxUY5dlAcrwI1Me5fSmdcydGHho=
go.arcalot.io/assert v1.3.0/go.mod h1:Xy3ScX0p9IMY89gdsgexOKxnmDr0nGHG9dV7p8Uxg7w=
go.arcalot.io/lang v1.0.0 h1:mgDaieT4wWdZTnR4V7+/pgYRmzfU7VZZgIzHccuxAbY=
go.arcalot.io/lang v1.0.0/go.mod h1:ALqfYEhAzC2WoGLaycmJoNJd5NmkR7V1PSKp/c5D278=
go.arcalot.io/log/v2 v2.0.0 h1:mbmsWDVBXZNWrDzUh5JLzeGCQ59kTuMFs+pyfJGc1hk=
go.arcalot.io/log/v2 v2.0.0/go.mod h1:1V8jnFIIGwh2CtcGkHNOmy1nCo7LbazQNkUcnKYNMn4=
go.flow.arcalot.io/pluginsdk v0.0.0-20221025073845-be663ec22293 h1:tuCGnU+3L8vZzt3FJKz0q2tX7W2eGvEUzRQzhPM1tgI=
go.flow.arcalot.io/pluginsdk v0.0.0-20221025073845-be663ec22293/go.mod h1:iblQl4Bx9gteegDXLD4WvU7S4Au0vkK6yKTc9mX00ls=
gopkg.in/yaml.v3 v3.0.1 h1:fxVm/GzAzEWqLHuvctI91KS9hhNmmWOoWu0XTYJS7CA=
